
Microsoft Visual Studio Solution File, Format Version 12.00
# Visual Studio 15
VisualStudioVersion = 15.0.28307.489
MinimumVisualStudioVersion = 10.0.40219.1
Project("{FAE04EC0-301F-11D3-BF4B-00C04F79EFBC}") = "Faculty.Model", "Faculty.Model\Faculty.Model.csproj", "{74AE26CB-AC4E-4DB8-93D1-DF56A8EF5A10}"
EndProject
Project("{FAE04EC0-301F-11D3-BF4B-00C04F79EFBC}") = "Faculty", "Faculty\Faculty.csproj", "{EC21208B-43A5-47A4-93A8-71181A96A5CA}"
EndProject
Global
	GlobalSection(SolutionConfigurationPlatforms) = preSolution
		Debug|Any CPU = Debug|Any CPU
		Release|Any CPU = Release|Any CPU
	EndGlobalSection
	GlobalSection(ProjectConfigurationPlatforms) = postSolution
		{74AE26CB-AC4E-4DB8-93D1-DF56A8EF5A10}.Debug|Any CPU.ActiveCfg = Debug|Any CPU
		{74AE26CB-AC4E-4DB8-93D1-DF56A8EF5A10}.Debug|Any CPU.Build.0 = Debug|Any CPU
		{74AE26CB-AC4E-4DB8-93D1-DF56A8EF5A10}.Release|Any CPU.ActiveCfg = Release|Any CPU
		{74AE26CB-AC4E-4DB8-93D1-DF56A8EF5A10}.Release|Any CPU.Build.0 = Release|Any CPU
		{EC21208B-43A5-47A4-93A8-71181A96A5CA}.Debug|Any CPU.ActiveCfg = Debug|Any CPU
		{EC21208B-43A5-47A4-93A8-71181A96A5CA}.Debug|Any CPU.Build.0 = Debug|Any CPU
		{EC21208B-43A5-47A4-93A8-71181A96A5CA}.Release|Any CPU.ActiveCfg = Release|Any CPU
		{EC21208B-43A5-47A4-93A8-71181A96A5CA}.Release|Any CPU.Build.0 = Release|Any CPU
	EndGlobalSection
	GlobalSection(SolutionProperties) = preSolution
		HideSolutionNode = FALSE
	EndGlobalSection
	GlobalSection(ExtensibilityGlobals) = postSolution
		SolutionGuid = {64732030-CC9E-4C08-A4EA-6E7235924464}
	EndGlobalSection
EndGlobal
